
Microsoft Visual Studio Solution File, Format Version 12.00
# Visual Studio Version 17
VisualStudioVersion = 17.3.32922.545
MinimumVisualStudioVersion = 10.0.40219.1
Project("{9A19103F-16F7-4668-BE54-9A1E7A4F7556}") = "TurnClient", "TestClient\TurnClient.csproj", "{1082859A-9AAC-4146-9F0C-46E61897C0D2}"
EndProject
Project("{9A19103F-16F7-4668-BE54-9A1E7A4F7556}") = "Extensions", "Extensions\Extensions.csproj", "{1A98450E-5A9A-4AF4-B8B4-12B3F9FB6927}"
EndProject
Project("{9A19103F-16F7-4668-BE54-9A1E7A4F7556}") = "LibNetStandart2.1", "LibNetStandart2.1\LibNetStandart2.1.csproj", "{6D79A602-49A7-45B5-9EE0-E993E626A83E}"
EndProject
Project("{9A19103F-16F7-4668-BE54-9A1E7A4F7556}") = "StringPrep", "StringPrep\StringPrep.csproj", "{DFDA71C6-F2AA-4FE5-B747-95E2DE97EC33}"
EndProject
Project("{9A19103F-16F7-4668-BE54-9A1E7A4F7556}") = "TestCoturnClients", "TestCoturnClients\TestCoturnClients.csproj", "{2B63AA50-3E8A-4BF7-9C3B-6D77FF6628E5}"
EndProject
Project("{9A19103F-16F7-4668-BE54-9A1E7A4F7556}") = "TURN", "TURN\TURN.csproj", "{FB92B582-4895-427D-A48E-2C0D0050E840}"
EndProject
Project("{9A19103F-16F7-4668-BE54-9A1E7A4F7556}") = "STUN", "STUN\STUN.csproj", "{97FA2ED7-BBA9-4EE9-9C20-61C03DF90D7B}"
EndProject
Project("{9A19103F-16F7-4668-BE54-9A1E7A4F7556}") = "IANA", "IANA\IANA.csproj", "{03786136-E972-4222-A657-BEB588A947A0}"
EndProject
Project("{9A19103F-16F7-4668-BE54-9A1E7A4F7556}") = "ICE", "ICE\ICE.csproj", "{54533B89-D21E-435D-B3DF-99C69FD858C8}"
EndProject
Project("{9A19103F-16F7-4668-BE54-9A1E7A4F7556}") = "TurnServer", "TurnServer\TurnServer.csproj", "{9535666F-1AC1-4446-9F66-16D249362C64}"
EndProject
Project("{9A19103F-16F7-4668-BE54-9A1E7A4F7556}") = "TurnHub", "TurnHub\TurnHub.csproj", "{B70B6180-B63E-4868-9584-5D818339C945}"
EndProject
Project("{2150E333-8FDC-42A3-9474-1A3956D46DE8}") = ".Solution Items", ".Solution Items", "{02EA681E-C7D8-13C7-8484-4AC65E1B71E8}"
	ProjectSection(SolutionItems) = preProject
		.gitignore = .gitignore
		Directory.Packages.props = Directory.Packages.props
	EndProjectSection
EndProject
Project("{2150E333-8FDC-42A3-9474-1A3956D46DE8}") = "libs", "libs", "{97E3539F-94BD-4FB8-8318-B3CBC0CF7D9D}"
EndProject
Project("{2150E333-8FDC-42A3-9474-1A3956D46DE8}") = "application", "application", "{9B1FCA85-E24D-4B05-965E-AA0C7217C6B9}"
EndProject
Project("{2150E333-8FDC-42A3-9474-1A3956D46DE8}") = "apps", "apps", "{CEE6AC81-D2B4-4016-904D-4010429A0CCE}"
EndProject
Project("{2150E333-8FDC-42A3-9474-1A3956D46DE8}") = "playgrounds", "playgrounds", "{D21BD9DA-0616-4019-BEF6-46F1D0420D7E}"
EndProject
Global
	GlobalSection(SolutionConfigurationPlatforms) = preSolution
		Debug|Any CPU = Debug|Any CPU
		Release|Any CPU = Release|Any CPU
	EndGlobalSection
	GlobalSection(ProjectConfigurationPlatforms) = postSolution
		{1082859A-9AAC-4146-9F0C-46E61897C0D2}.Debug|Any CPU.ActiveCfg = Debug|Any CPU
		{1082859A-9AAC-4146-9F0C-46E61897C0D2}.Debug|Any CPU.Build.0 = Debug|Any CPU
		{1082859A-9AAC-4146-9F0C-46E61897C0D2}.Release|Any CPU.ActiveCfg = Release|Any CPU
		{1082859A-9AAC-4146-9F0C-46E61897C0D2}.Release|Any CPU.Build.0 = Release|Any CPU
		{1A98450E-5A9A-4AF4-B8B4-12B3F9FB6927}.Debug|Any CPU.ActiveCfg = Debug|Any CPU
		{1A98450E-5A9A-4AF4-B8B4-12B3F9FB6927}.Debug|Any CPU.Build.0 = Debug|Any CPU
		{1A98450E-5A9A-4AF4-B8B4-12B3F9FB6927}.Release|Any CPU.ActiveCfg = Release|Any CPU
		{1A98450E-5A9A-4AF4-B8B4-12B3F9FB6927}.Release|Any CPU.Build.0 = Release|Any CPU
		{6D79A602-49A7-45B5-9EE0-E993E626A83E}.Debug|Any CPU.ActiveCfg = Debug|Any CPU
		{6D79A602-49A7-45B5-9EE0-E993E626A83E}.Debug|Any CPU.Build.0 = Debug|Any CPU
		{6D79A602-49A7-45B5-9EE0-E993E626A83E}.Release|Any CPU.ActiveCfg = Release|Any CPU
		{6D79A602-49A7-45B5-9EE0-E993E626A83E}.Release|Any CPU.Build.0 = Release|Any CPU
		{DFDA71C6-F2AA-4FE5-B747-95E2DE97EC33}.Debug|Any CPU.ActiveCfg = Debug|Any CPU
		{DFDA71C6-F2AA-4FE5-B747-95E2DE97EC33}.Debug|Any CPU.Build.0 = Debug|Any CPU
		{DFDA71C6-F2AA-4FE5-B747-95E2DE97EC33}.Release|Any CPU.ActiveCfg = Release|Any CPU
		{DFDA71C6-F2AA-4FE5-B747-95E2DE97EC33}.Release|Any CPU.Build.0 = Release|Any CPU
		{2B63AA50-3E8A-4BF7-9C3B-6D77FF6628E5}.Debug|Any CPU.ActiveCfg = Debug|Any CPU
		{2B63AA50-3E8A-4BF7-9C3B-6D77FF6628E5}.Debug|Any CPU.Build.0 = Debug|Any CPU
		{2B63AA50-3E8A-4BF7-9C3B-6D77FF6628E5}.Release|Any CPU.ActiveCfg = Release|Any CPU
		{2B63AA50-3E8A-4BF7-9C3B-6D77FF6628E5}.Release|Any CPU.Build.0 = Release|Any CPU
		{FB92B582-4895-427D-A48E-2C0D0050E840}.Debug|Any CPU.ActiveCfg = Debug|Any CPU
		{FB92B582-4895-427D-A48E-2C0D0050E840}.Debug|Any CPU.Build.0 = Debug|Any CPU
		{FB92B582-4895-427D-A48E-2C0D0050E840}.Release|Any CPU.ActiveCfg = Release|Any CPU
		{FB92B582-4895-427D-A48E-2C0D0050E840}.Release|Any CPU.Build.0 = Release|Any CPU
		{97FA2ED7-BBA9-4EE9-9C20-61C03DF90D7B}.Debug|Any CPU.ActiveCfg = Debug|Any CPU
		{97FA2ED7-BBA9-4EE9-9C20-61C03DF90D7B}.Debug|Any CPU.Build.0 = Debug|Any CPU
		{97FA2ED7-BBA9-4EE9-9C20-61C03DF90D7B}.Release|Any CPU.ActiveCfg = Release|Any CPU
		{97FA2ED7-BBA9-4EE9-9C20-61C03DF90D7B}.Release|Any CPU.Build.0 = Release|Any CPU
		{03786136-E972-4222-A657-BEB588A947A0}.Debug|Any CPU.ActiveCfg = Debug|Any CPU
		{03786136-E972-4222-A657-BEB588A947A0}.Debug|Any CPU.Build.0 = Debug|Any CPU
		{03786136-E972-4222-A657-BEB588A947A0}.Release|Any CPU.ActiveCfg = Release|Any CPU
		{03786136-E972-4222-A657-BEB588A947A0}.Release|Any CPU.Build.0 = Release|Any CPU
		{54533B89-D21E-435D-B3DF-99C69FD858C8}.Debug|Any CPU.ActiveCfg = Debug|Any CPU
		{54533B89-D21E-435D-B3DF-99C69FD858C8}.Debug|Any CPU.Build.0 = Debug|Any CPU
		{54533B89-D21E-435D-B3DF-99C69FD858C8}.Release|Any CPU.ActiveCfg = Release|Any CPU
		{54533B89-D21E-435D-B3DF-99C69FD858C8}.Release|Any CPU.Build.0 = Release|Any CPU
		{9535666F-1AC1-4446-9F66-16D249362C64}.Debug|Any CPU.ActiveCfg = Debug|Any CPU
		{9535666F-1AC1-4446-9F66-16D249362C64}.Debug|Any CPU.Build.0 = Debug|Any CPU
		{9535666F-1AC1-4446-9F66-16D249362C64}.Release|Any CPU.ActiveCfg = Release|Any CPU
		{9535666F-1AC1-4446-9F66-16D249362C64}.Release|Any CPU.Build.0 = Release|Any CPU
		{B70B6180-B63E-4868-9584-5D818339C945}.Debug|Any CPU.ActiveCfg = Debug|Any CPU
		{B70B6180-B63E-4868-9584-5D818339C945}.Debug|Any CPU.Build.0 = Debug|Any CPU
		{B70B6180-B63E-4868-9584-5D818339C945}.Release|Any CPU.ActiveCfg = Release|Any CPU
		{B70B6180-B63E-4868-9584-5D818339C945}.Release|Any CPU.Build.0 = Release|Any CPU
	EndGlobalSection
	GlobalSection(SolutionProperties) = preSolution
		HideSolutionNode = FALSE
	EndGlobalSection
	GlobalSection(NestedProjects) = preSolution
		{1082859A-9AAC-4146-9F0C-46E61897C0D2} = {9B1FCA85-E24D-4B05-965E-AA0C7217C6B9}
		{1A98450E-5A9A-4AF4-B8B4-12B3F9FB6927} = {97E3539F-94BD-4FB8-8318-B3CBC0CF7D9D}
		{6D79A602-49A7-45B5-9EE0-E993E626A83E} = {97E3539F-94BD-4FB8-8318-B3CBC0CF7D9D}
		{DFDA71C6-F2AA-4FE5-B747-95E2DE97EC33} = {97E3539F-94BD-4FB8-8318-B3CBC0CF7D9D}
		{2B63AA50-3E8A-4BF7-9C3B-6D77FF6628E5} = {D21BD9DA-0616-4019-BEF6-46F1D0420D7E}
		{FB92B582-4895-427D-A48E-2C0D0050E840} = {97E3539F-94BD-4FB8-8318-B3CBC0CF7D9D}
		{97FA2ED7-BBA9-4EE9-9C20-61C03DF90D7B} = {97E3539F-94BD-4FB8-8318-B3CBC0CF7D9D}
		{03786136-E972-4222-A657-BEB588A947A0} = {97E3539F-94BD-4FB8-8318-B3CBC0CF7D9D}
		{54533B89-D21E-435D-B3DF-99C69FD858C8} = {97E3539F-94BD-4FB8-8318-B3CBC0CF7D9D}
		{9535666F-1AC1-4446-9F66-16D249362C64} = {9B1FCA85-E24D-4B05-965E-AA0C7217C6B9}
		{B70B6180-B63E-4868-9584-5D818339C945} = {9B1FCA85-E24D-4B05-965E-AA0C7217C6B9}
	EndGlobalSection
	GlobalSection(ExtensibilityGlobals) = postSolution
		SolutionGuid = {3A52635F-E051-4C10-8CBC-B869F9F15D8C}
	EndGlobalSection
EndGlobal
